// !$*UTF8*$!
{
	archiveVersion = 1;
	classes = {
	};
	objectVersion = 50;
	objects = {

/* Begin PBXBuildFile section */
		6A7AFC8E25B09D9C009444EE /* AppDelegate.swift in Sources */ = {isa = PBXBuildFile; fileRef = 6A7AFC8D25B09D9C009444EE /* AppDelegate.swift */; };
		6A7AFC9025B09D9C009444EE /* SceneDelegate.swift in Sources */ = {isa = PBXBuildFile; fileRef = 6A7AFC8F25B09D9C009444EE /* SceneDelegate.swift */; };
		6A7AFC9525B09D9C009444EE /* Main.storyboard in Resources */ = {isa = PBXBuildFile; fileRef = 6A7AFC9325B09D9C009444EE /* Main.storyboard */; };
		6A7AFC9725B09D9D009444EE /* Assets.xcassets in Resources */ = {isa = PBXBuildFile; fileRef = 6A7AFC9625B09D9D009444EE /* Assets.xcassets */; };
		6A7AFC9A25B09D9D009444EE /* LaunchScreen.storyboard in Resources */ = {isa = PBXBuildFile; fileRef = 6A7AFC9825B09D9D009444EE /* LaunchScreen.storyboard */; };
		6A7AFCA425B09ED2009444EE /* ProductTableView.swift in Sources */ = {isa = PBXBuildFile; fileRef = 6A7AFCA325B09ED2009444EE /* ProductTableView.swift */; };
		6A7AFCA725B0A0C8009444EE /* Product.swift in Sources */ = {isa = PBXBuildFile; fileRef = 6A7AFCA625B0A0C8009444EE /* Product.swift */; };
		6A7AFCB225B0ACE8009444EE /* CustomCell.swift in Sources */ = {isa = PBXBuildFile; fileRef = 6A7AFCB125B0ACE8009444EE /* CustomCell.swift */; };
		6A7AFCB525B0B48B009444EE /* Detail.swift in Sources */ = {isa = PBXBuildFile; fileRef = 6A7AFCB425B0B48B009444EE /* Detail.swift */; };
		B4D8C1241AD498F801FB0984 /* Pods_6_ders.framework in Frameworks */ = {isa = PBXBuildFile; fileRef = B2FD3104E0B500F720D9B04B /* Pods_6_ders.framework */; };
/* End PBXBuildFile section */

/* Begin PBXFileReference section */
		0130769D854D8ED076BCD712 /* Pods-6.ders.release.xcconfig */ = {isa = PBXFileReference; includeInIndex = 1; lastKnownFileType = text.xcconfig; name = "Pods-6.ders.release.xcconfig"; path = "Target Support Files/Pods-6.ders/Pods-6.ders.release.xcconfig"; sourceTree = "<group>"; };
		6A7AFC8A25B09D9C009444EE /* 6.ders.app */ = {isa = PBXFileReference; explicitFileType = wrapper.application; includeInIndex = 0; path = 6.ders.app; sourceTree = BUILT_PRODUCTS_DIR; };
		6A7AFC8D25B09D9C009444EE /* AppDelegate.swift */ = {isa = PBXFileReference; lastKnownFileType = sourcecode.swift; path = AppDelegate.swift; sourceTree = "<group>"; };
		6A7AFC8F25B09D9C009444EE /* SceneDelegate.swift */ = {isa = PBXFileReference; lastKnownFileType = sourcecode.swift; path = SceneDelegate.swift; sourceTree = "<group>"; };
		6A7AFC9425B09D9C009444EE /* Base */ = {isa = PBXFileReference; lastKnownFileType = file.storyboard; name = Base; path = Base.lproj/Main.storyboard; sourceTree = "<group>"; };
		6A7AFC9625B09D9D009444EE /* Assets.xcassets */ = {isa = PBXFileReference; lastKnownFileType = folder.assetcatalog; path = Assets.xcassets; sourceTree = "<group>"; };
		6A7AFC9925B09D9D009444EE /* Base */ = {isa = PBXFileReference; lastKnownFileType = file.storyboard; name = Base; path = Base.lproj/LaunchScreen.storyboard; sourceTree = "<group>"; };
		6A7AFC9B25B09D9D009444EE /* Info.plist */ = {isa = PBXFileReference; lastKnownFileType = text.plist.xml; path = Info.plist; sourceTree = "<group>"; };
		6A7AFCA325B09ED2009444EE /* ProductTableView.swift */ = {isa = PBXFileReference; lastKnownFileType = sourcecode.swift; path = ProductTableView.swift; sourceTree = "<group>"; };
		6A7AFCA625B0A0C8009444EE /* Product.swift */ = {isa = PBXFileReference; lastKnownFileType = sourcecode.swift; path = Product.swift; sourceTree = "<group>"; };
		6A7AFCB125B0ACE8009444EE /* CustomCell.swift */ = {isa = PBXFileReference; lastKnownFileType = sourcecode.swift; path = CustomCell.swift; sourceTree = "<group>"; };
		6A7AFCB425B0B48B009444EE /* Detail.swift */ = {isa = PBXFileReference; lastKnownFileType = sourcecode.swift; path = Detail.swift; sourceTree = "<group>"; };
		B2FD3104E0B500F720D9B04B /* Pods_6_ders.framework */ = {isa = PBXFileReference; explicitFileType = wrapper.framework; includeInIndex = 0; path = Pods_6_ders.framework; sourceTree = BUILT_PRODUCTS_DIR; };
		CDE7A2CE1E145A41B9AD99FC /* Pods-6.ders.debug.xcconfig */ = {isa = PBXFileReference; includeInIndex = 1; lastKnownFileType = text.xcconfig; name = "Pods-6.ders.debug.xcconfig"; path = "Target Support Files/Pods-6.ders/Pods-6.ders.debug.xcconfig"; sourceTree = "<group>"; };
/* End PBXFileReference section */

/* Begin PBXFrameworksBuildPhase section */
		6A7AFC8725B09D9C009444EE /* Frameworks */ = {
			isa = PBXFrameworksBuildPhase;
			buildActionMask = 2147483647;
			files = (
				B4D8C1241AD498F801FB0984 /* Pods_6_ders.framework in Frameworks */,
			);
			runOnlyForDeploymentPostprocessing = 0;
		};
/* End PBXFrameworksBuildPhase section */

/* Begin PBXGroup section */
		6A7AFC8125B09D9C009444EE = {
			isa = PBXGroup;
			children = (
				6A7AFC8C25B09D9C009444EE /* 6.ders */,
				6A7AFC8B25B09D9C009444EE /* Products */,
				8E5FA8608695AD112E50FB89 /* Pods */,
				F0C8F8234378087329D0DC6C /* Frameworks */,
			);
			sourceTree = "<group>";
		};
		6A7AFC8B25B09D9C009444EE /* Products */ = {
			isa = PBXGroup;
			children = (
				6A7AFC8A25B09D9C009444EE /* 6.ders.app */,
			);
			name = Products;
			sourceTree = "<group>";
		};
		6A7AFC8C25B09D9C009444EE /* 6.ders */ = {
			isa = PBXGroup;
			children = (
				6A7AFC8D25B09D9C009444EE /* AppDelegate.swift */,
				6A7AFC8F25B09D9C009444EE /* SceneDelegate.swift */,
				6A7AFC9325B09D9C009444EE /* Main.storyboard */,
				6A7AFC9625B09D9D009444EE /* Assets.xcassets */,
				6A7AFC9825B09D9D009444EE /* LaunchScreen.storyboard */,
				6A7AFC9B25B09D9D009444EE /* Info.plist */,
				6A7AFCA325B09ED2009444EE /* ProductTableView.swift */,
				6A7AFCA625B0A0C8009444EE /* Product.swift */,
				6A7AFCB125B0ACE8009444EE /* CustomCell.swift */,
				6A7AFCB425B0B48B009444EE /* Detail.swift */,
			);
			path = 6.ders;
			sourceTree = "<group>";
		};
		8E5FA8608695AD112E50FB89 /* Pods */ = {
			isa = PBXGroup;
			children = (
				CDE7A2CE1E145A41B9AD99FC /* Pods-6.ders.debug.xcconfig */,
				0130769D854D8ED076BCD712 /* Pods-6.ders.release.xcconfig */,
			);
			name = Pods;
			path = Pods;
			sourceTree = "<group>";
		};
		F0C8F8234378087329D0DC6C /* Frameworks */ = {
			isa = PBXGroup;
			children = (
				B2FD3104E0B500F720D9B04B /* Pods_6_ders.framework */,
			);
			name = Frameworks;
			sourceTree = "<group>";
		};
/* End PBXGroup section */

/* Begin PBXNativeTarget section */
		6A7AFC8925B09D9C009444EE /* 6.ders */ = {
			isa = PBXNativeTarget;
			buildConfigurationList = 6A7AFC9E25B09D9D009444EE /* Build configuration list for PBXNativeTarget "6.ders" */;
			buildPhases = (
				078477FB475DA90FE54F1025 /* [CP] Check Pods Manifest.lock */,
				6A7AFC8625B09D9C009444EE /* Sources */,
				6A7AFC8725B09D9C009444EE /* Frameworks */,
				6A7AFC8825B09D9C009444EE /* Resources */,
			);
			buildRules = (
			);
			dependencies = (
			);
			name = 6.ders;
			productName = 6.ders;
			productReference = 6A7AFC8A25B09D9C009444EE /* 6.ders.app */;
			productType = "com.apple.product-type.application";
		};
/* End PBXNativeTarget section */

/* Begin PBXProject section */
		6A7AFC8225B09D9C009444EE /* Project object */ = {
			isa = PBXProject;
			attributes = {
				LastSwiftUpdateCheck = 1220;
				LastUpgradeCheck = 1220;
				TargetAttributes = {
					6A7AFC8925B09D9C009444EE = {
						CreatedOnToolsVersion = 12.2;
					};
				};
			};
			buildConfigurationList = 6A7AFC8525B09D9C009444EE /* Build configuration list for PBXProject "6.ders" */;
			compatibilityVersion = "Xcode 9.3";
			developmentRegion = en;
			hasScannedForEncodings = 0;
			knownRegions = (
				en,
				Base,
			);
			mainGroup = 6A7AFC8125B09D9C009444EE;
			productRefGroup = 6A7AFC8B25B09D9C009444EE /* Products */;
			projectDirPath = "";
			projectRoot = "";
			targets = (
				6A7AFC8925B09D9C009444EE /* 6.ders */,
			);
		};
/* End PBXProject section */

/* Begin PBXResourcesBuildPhase section */
		6A7AFC8825B09D9C009444EE /* Resources */ = {
			isa = PBXResourcesBuildPhase;
			buildActionMask = 2147483647;
			files = (
				6A7AFC9A25B09D9D009444EE /* LaunchScreen.storyboard in Resources */,
				6A7AFC9725B09D9D009444EE /* Assets.xcassets in Resources */,
				6A7AFC9525B09D9C009444EE /* Main.storyboard in Resources */,
			);
			runOnlyForDeploymentPostprocessing = 0;
		};
/* End PBXResourcesBuildPhase section */

/* Begin PBXShellScriptBuildPhase section */
		078477FB475DA90FE54F1025 /* [CP] Check Pods Manifest.lock */ = {
			isa = PBXShellScriptBuildPhase;
			buildActionMask = 2147483647;
			files = (
			);
			inputFileListPaths = (
			);
			inputPaths = (
				"${PODS_PODFILE_DIR_PATH}/Podfile.lock",
				"${PODS_ROOT}/Manifest.lock",
			);
			name = "[CP] Check Pods Manifest.lock";
			outputFileListPaths = (
			);
			outputPaths = (
				"$(DERIVED_FILE_DIR)/Pods-6.ders-checkManifestLockResult.txt",
			);
			runOnlyForDeploymentPostprocessing = 0;
			shellPath = /bin/sh;
			shellScript = "diff \"${PODS_PODFILE_DIR_PATH}/Podfile.lock\" \"${PODS_ROOT}/Manifest.lock\" > /dev/null\nif [ $? != 0 ] ; then\n    # print error to STDERR\n    echo \"error: The sandbox is not in sync with the Podfile.lock. Run 'pod install' or update your CocoaPods installation.\" >&2\n    exit 1\nfi\n# This output is used by Xcode 'outputs' to avoid re-running this script phase.\necho \"SUCCESS\" > \"${SCRIPT_OUTPUT_FILE_0}\"\n";
			showEnvVarsInLog = 0;
		};
/* End PBXShellScriptBuildPhase section */

/* Begin PBXSourcesBuildPhase section */
		6A7AFC8625B09D9C009444EE /* Sources */ = {
			isa = PBXSourcesBuildPhase;
			buildActionMask = 2147483647;
			files = (
				6A7AFCA425B09ED2009444EE /* ProductTableView.swift in Sources */,
				6A7AFCA725B0A0C8009444EE /* Product.swift in Sources */,
				6A7AFCB525B0B48B009444EE /* Detail.swift in Sources */,
				6A7AFCB225B0ACE8009444EE /* CustomCell.swift in Sources */,
				6A7AFC8E25B09D9C009444EE /* AppDelegate.swift in Sources */,
				6A7AFC9025B09D9C009444EE /* SceneDelegate.swift in Sources */,
			);
			runOnlyForDeploymentPostprocessing = 0;
		};
/* End PBXSourcesBuildPhase section */

/* Begin PBXVariantGroup section */
		6A7AFC9325B09D9C009444EE /* Main.storyboard */ = {
			isa = PBXVariantGroup;
			children = (
				6A7AFC9425B09D9C009444EE /* Base */,
			);
			name = Main.storyboard;
			sourceTree = "<group>";
		};
		6A7AFC9825B09D9D009444EE /* LaunchScreen.storyboard */ = {
			isa = PBXVariantGroup;
			children = (
				6A7AFC9925B09D9D009444EE /* Base */,
			);
			name = LaunchScreen.storyboard;
			sourceTree = "<group>";
		};
/* End PBXVariantGroup section */

/* Begin XCBuildConfiguration section */
		6A7AFC9C25B09D9D009444EE /* Debug */ = {
			isa = XCBuildConfiguration;
			buildSettings = {
				ALWAYS_SEARCH_USER_PATHS = NO;
				CLANG_ANALYZER_NONNULL = YES;
				CLANG_ANALYZER_NUMBER_OBJECT_CONVERSION = YES_AGGRESSIVE;
				CLANG_CXX_LANGUAGE_STANDARD = "gnu++14";
				CLANG_CXX_LIBRARY = "libc++";
				CLANG_ENABLE_MODULES = YES;
				CLANG_ENABLE_OBJC_ARC = YES;
				CLANG_ENABLE_OBJC_WEAK = YES;
				CLANG_WARN_BLOCK_CAPTURE_AUTORELEASING = YES;
				CLANG_WARN_BOOL_CONVERSION = YES;
				CLANG_WARN_COMMA = YES;
				CLANG_WARN_CONSTANT_CONVERSION = YES;
				CLANG_WARN_DEPRECATED_OBJC_IMPLEMENTATIONS = YES;
				CLANG_WARN_DIRECT_OBJC_ISA_USAGE = YES_ERROR;
				CLANG_WARN_DOCUMENTATION_COMMENTS = YES;
				CLANG_WARN_EMPTY_BODY = YES;
				CLANG_WARN_ENUM_CONVERSION = YES;
				CLANG_WARN_INFINITE_RECURSION = YES;
				CLANG_WARN_INT_CONVERSION = YES;
				CLANG_WARN_NON_LITERAL_NULL_CONVERSION = YES;
				CLANG_WARN_OBJC_IMPLICIT_RETAIN_SELF = YES;
				CLANG_WARN_OBJC_LITERAL_CONVERSION = YES;
				CLANG_WARN_OBJC_ROOT_CLASS = YES_ERROR;
				CLANG_WARN_QUOTED_INCLUDE_IN_FRAMEWORK_HEADER = YES;
				CLANG_WARN_RANGE_LOOP_ANALYSIS = YES;
				CLANG_WARN_STRICT_PROTOTYPES = YES;
				CLANG_WARN_SUSPICIOUS_MOVE = YES;
				CLANG_WARN_UNGUARDED_AVAILABILITY = YES_AGGRESSIVE;
				CLANG_WARN_UNREACHABLE_CODE = YES;
				CLANG_WARN__DUPLICATE_METHOD_MATCH = YES;
				COPY_PHASE_STRIP = NO;
				DEBUG_INFORMATION_FORMAT = dwarf;
				ENABLE_STRICT_OBJC_MSGSEND = YES;
				ENABLE_TESTABILITY = YES;
				GCC_C_LANGUAGE_STANDARD = gnu11;
				GCC_DYNAMIC_NO_PIC = NO;
				GCC_NO_COMMON_BLOCKS = YES;
				GCC_OPTIMIZATION_LEVEL = 0;
				GCC_PREPROCESSOR_DEFINITIONS = (
					"DEBUG=1",
					"$(inherited)",
				);
				GCC_WARN_64_TO_32_BIT_CONVERSION = YES;
				GCC_WARN_ABOUT_RETURN_TYPE = YES_ERROR;
				GCC_WARN_UNDECLARED_SELECTOR = YES;
				GCC_WARN_UNINITIALIZED_AUTOS = YES_AGGRESSIVE;
				GCC_WARN_UNUSED_FUNCTION = YES;
				GCC_WARN_UNUSED_VARIABLE = YES;
				IPHONEOS_DEPLOYMENT_TARGET = 14.2;
				MTL_ENABLE_DEBUG_INFO = INCLUDE_SOURCE;
				MTL_FAST_MATH = YES;
				ONLY_ACTIVE_ARCH = YES;
				SDKROOT = iphoneos;
				SWIFT_ACTIVE_COMPILATION_CONDITIONS = DEBUG;
				SWIFT_OPTIMIZATION_LEVEL = "-Onone";
			};
			name = Debug;
		};
		6A7AFC9D25B09D9D009444EE /* Release */ = {
			isa = XCBuildConfiguration;
			buildSettings = {
				ALWAYS_SEARCH_USER_PATHS = NO;
				CLANG_ANALYZER_NONNULL = YES;
				CLANG_ANALYZER_NUMBER_OBJECT_CONVERSION = YES_AGGRESSIVE;
				CLANG_CXX_LANGUAGE_STANDARD = "gnu++14";
				CLANG_CXX_LIBRARY = "libc++";
				CLANG_ENABLE_MODULES = YES;
				CLANG_ENABLE_OBJC_ARC = YES;
				CLANG_ENABLE_OBJC_WEAK = YES;
				CLANG_WARN_BLOCK_CAPTURE_AUTORELEASING = YES;
				CLANG_WARN_BOOL_CONVERSION = YES;
				CLANG_WARN_COMMA = YES;
				CLANG_WARN_CONSTANT_CONVERSION = YES;
				CLANG_WARN_DEPRECATED_OBJC_IMPLEMENTATIONS = YES;
				CLANG_WARN_DIRECT_OBJC_ISA_USAGE = YES_ERROR;
				CLANG_WARN_DOCUMENTATION_COMMENTS = YES;
				CLANG_WARN_EMPTY_BODY = YES;
				CLANG_WARN_ENUM_CONVERSION = YES;
				CLANG_WARN_INFINITE_RECURSION = YES;
				CLANG_WARN_INT_CONVERSION = YES;
				CLANG_WARN_NON_LITERAL_NULL_CONVERSION = YES;
				CLANG_WARN_OBJC_IMPLICIT_RETAIN_SELF = YES;
				CLANG_WARN_OBJC_LITERAL_CONVERSION = YES;
				CLANG_WARN_OBJC_ROOT_CLASS = YES_ERROR;
				CLANG_WARN_QUOTED_INCLUDE_IN_FRAMEWORK_HEADER = YES;
				CLANG_WARN_RANGE_LOOP_ANALYSIS = YES;
				CLANG_WARN_STRICT_PROTOTYPES = YES;
				CLANG_WARN_SUSPICIOUS_MOVE = YES;
				CLANG_WARN_UNGUARDED_AVAILABILITY = YES_AGGRESSIVE;
				CLANG_WARN_UNREACHABLE_CODE = YES;
				CLANG_WARN__DUPLICATE_METHOD_MATCH = YES;
				COPY_PHASE_STRIP = NO;
				DEBUG_INFORMATION_FORMAT = "dwarf-with-dsym";
				ENABLE_NS_ASSERTIONS = NO;
				ENABLE_STRICT_OBJC_MSGSEND = YES;
				GCC_C_LANGUAGE_STANDARD = gnu11;
				GCC_NO_COMMON_BLOCKS = YES;
				GCC_WARN_64_TO_32_BIT_CONVERSION = YES;
				GCC_WARN_ABOUT_RETURN_TYPE = YES_ERROR;
				GCC_WARN_UNDECLARED_SELECTOR = YES;
				GCC_WARN_UNINITIALIZED_AUTOS = YES_AGGRESSIVE;
				GCC_WARN_UNUSED_FUNCTION = YES;
				GCC_WARN_UNUSED_VARIABLE = YES;
				IPHONEOS_DEPLOYMENT_TARGET = 14.2;
				MTL_ENABLE_DEBUG_INFO = NO;
				MTL_FAST_MATH = YES;
				SDKROOT = iphoneos;
				SWIFT_COMPILATION_MODE = wholemodule;
				SWIFT_OPTIMIZATION_LEVEL = "-O";
				VALIDATE_PRODUCT = YES;
			};
			name = Release;
		};
		6A7AFC9F25B09D9D009444EE /* Debug */ = {
			isa = XCBuildConfiguration;
			baseConfigurationReference = CDE7A2CE1E145A41B9AD99FC /* Pods-6.ders.debug.xcconfig */;
			buildSettings = {
				ASSETCATALOG_COMPILER_APPICON_NAME = AppIcon;
				ASSETCATALOG_COMPILER_GLOBAL_ACCENT_COLOR_NAME = AccentColor;
				CODE_SIGN_STYLE = Automatic;
				DEVELOPMENT_TEAM = US4N65N2A2;
				INFOPLIST_FILE = 6.ders/Info.plist;
				LD_RUNPATH_SEARCH_PATHS = (
					"$(inherited)",
					"@executable_path/Frameworks",
				);
				PRODUCT_BUNDLE_IDENTIFIER = "com.selin.--ders";
				PRODUCT_NAME = "$(TARGET_NAME)";
				SWIFT_VERSION = 5.0;
				TARGETED_DEVICE_FAMILY = "1,2";
			};
			name = Debug;
		};
		6A7AFCA025B09D9D009444EE /* Release */ = {
			isa = XCBuildConfiguration;
			baseConfigurationReference = 0130769D854D8ED076BCD712 /* Pods-6.ders.release.xcconfig */;
			buildSettings = {
				ASSETCATALOG_COMPILER_APPICON_NAME = AppIcon;
				ASSETCATALOG_COMPILER_GLOBAL_ACCENT_COLOR_NAME = AccentColor;
				CODE_SIGN_STYLE = Automatic;
				DEVELOPMENT_TEAM = US4N65N2A2;
				INFOPLIST_FILE = 6.ders/Info.plist;
				LD_RUNPATH_SEARCH_PATHS = (
					"$(inherited)",
					"@executable_path/Frameworks",
				);
				PRODUCT_BUNDLE_IDENTIFIER = "com.selin.--ders";
				PRODUCT_NAME = "$(TARGET_NAME)";
				SWIFT_VERSION = 5.0;
				TARGETED_DEVICE_FAMILY = "1,2";
			};
			name = Release;
		};
/* End XCBuildConfiguration section */

/* Begin XCConfigurationList section */
		6A7AFC8525B09D9C009444EE /* Build configuration list for PBXProject "6.ders" */ = {
			isa = XCConfigurationList;
			buildConfigurations = (
				6A7AFC9C25B09D9D009444EE /* Debug */,
				6A7AFC9D25B09D9D009444EE /* Release */,
			);
			defaultConfigurationIsVisible = 0;
			defaultConfigurationName = Release;
		};
		6A7AFC9E25B09D9D009444EE /* Build configuration list for PBXNativeTarget "6.ders" */ = {
			isa = XCConfigurationList;
			buildConfigurations = (
				6A7AFC9F25B09D9D009444EE /* Debug */,
				6A7AFCA025B09D9D009444EE /* Release */,
			);
			defaultConfigurationIsVisible = 0;
			defaultConfigurationName = Release;
		};
/* End XCConfigurationList section */
	};
	rootObject = 6A7AFC8225B09D9C009444EE /* Project object */;
}
